{
    "_readme": [
        "This file locks the dependencies of your project to a known state",
        "Read more about it at https://getcomposer.org/doc/01-basic-usage.md#installing-dependencies",
        "This file is @generated automatically"
    ],
    "content-hash": "5db6e1257fe19e56a63d5bd983f1c0bd",
    "packages": [
        {
            "name": "eftec/bladeone",
            "version": "3.31",
            "source": {
                "type": "git",
                "url": "https://github.com/EFTEC/BladeOne.git",
                "reference": "f8ca69282335c9d0ba3691f017f3b66b2f2b9741"
            },
            "dist": {
                "type": "zip",
                "url": "https://api.github.com/repos/EFTEC/BladeOne/zipball/f8ca69282335c9d0ba3691f017f3b66b2f2b9741",
                "reference": "f8ca69282335c9d0ba3691f017f3b66b2f2b9741",
                "shasum": ""
            },
            "require": {
                "ext-json": "*",
                "php": ">=5.6"
            },
            "require-dev": {
                "friendsofphp/php-cs-fixer": "^2.11",
                "phpunit/phpunit": "^5.7",
                "squizlabs/php_codesniffer": "~3.3.2"
            },
            "suggest": {
                "ext-mbstring": "This extension is used if it's active"
            },
            "type": "library",
            "extra": {
                "branch-alias": {
                    "dev-master": "3.31-dev"
                }
            },
            "autoload": {
                "psr-4": {
                    "eftec\\bladeone\\": "lib/"
                }
            },
            "notification-url": "https://packagist.org/downloads/",
            "license": [
                "MIT"
            ],
            "authors": [
                {
                    "name": "Jorge Patricio Castro Castillo",
                    "email": "jcastro@eftec.cl"
                }
            ],
            "description": "The standalone version Blade Template Engine from Laravel in a single php file",
            "homepage": "https://github.com/EFTEC/BladeOne",
            "keywords": [
                "blade",
                "php",
                "template",
                "templating",
                "view"
            ],
            "time": "2019-08-09T13:28:53+00:00"
        }
    ],
    "packages-dev": [],
    "aliases": [],
    "minimum-stability": "stable",
    "stability-flags": [],
    "prefer-stable": false,
    "prefer-lowest": false,
    "platform": [],
    "platform-dev": []
}
